// !$*UTF8*$!
{
	archiveVersion = 1;
	classes = {
	};
	objectVersion = 50;
	objects = {

/* Begin PBXBuildFile section */
		380294C520AE5D980091CCE2 /* MainTabBarViewController.swift in Sources */ = {isa = PBXBuildFile; fileRef = 380294C420AE5D980091CCE2 /* MainTabBarViewController.swift */; };
		3842374220AF03D500978E12 /* FavoritesViewController.swift in Sources */ = {isa = PBXBuildFile; fileRef = 3842374120AF03D500978E12 /* FavoritesViewController.swift */; };
		3842374420AF6BAE00978E12 /* ForgotPasswordViewController.swift in Sources */ = {isa = PBXBuildFile; fileRef = 3842374320AF6BAE00978E12 /* ForgotPasswordViewController.swift */; };
		3849829120ADCACD00224AFC /* UITextFieldExtensions.swift in Sources */ = {isa = PBXBuildFile; fileRef = 3849829020ADCACD00224AFC /* UITextFieldExtensions.swift */; };
		3849829320ADCCA100224AFC /* GoogleService-Info.plist in Resources */ = {isa = PBXBuildFile; fileRef = 3849829220ADCCA100224AFC /* GoogleService-Info.plist */; };
		3849829520AE115E00224AFC /* UIButtonExtensions.swift in Sources */ = {isa = PBXBuildFile; fileRef = 3849829420AE115E00224AFC /* UIButtonExtensions.swift */; };
		3849829720AE12B800224AFC /* UIColorExtensions.swift in Sources */ = {isa = PBXBuildFile; fileRef = 3849829620AE12B800224AFC /* UIColorExtensions.swift */; };
		3849829A20AE198C00224AFC /* SignUpViewController.swift in Sources */ = {isa = PBXBuildFile; fileRef = 3849829920AE198C00224AFC /* SignUpViewController.swift */; };
		3849829D20AE264E00224AFC /* FirebaseApiService.swift in Sources */ = {isa = PBXBuildFile; fileRef = 3849829C20AE264E00224AFC /* FirebaseApiService.swift */; };
		3849829F20AE2A4100224AFC /* StringExtension.swift in Sources */ = {isa = PBXBuildFile; fileRef = 3849829E20AE2A4100224AFC /* StringExtension.swift */; };
		384982A120AE2DFB00224AFC /* CustomAlertController.swift in Sources */ = {isa = PBXBuildFile; fileRef = 384982A020AE2DFB00224AFC /* CustomAlertController.swift */; };
		38A9533820AEEBE1005B8C71 /* CustomActivityIndicator.swift in Sources */ = {isa = PBXBuildFile; fileRef = 38A9533720AEEBE1005B8C71 /* CustomActivityIndicator.swift */; };
		38F1729E20B21F6700F4D1CC /* Strings.swift in Sources */ = {isa = PBXBuildFile; fileRef = 38F1729D20B21F6700F4D1CC /* Strings.swift */; };
		38F172A020B2214700F4D1CC /* SearchViewController.swift in Sources */ = {isa = PBXBuildFile; fileRef = 38F1729F20B2214700F4D1CC /* SearchViewController.swift */; };
		38FB03A320ACC6C000723554 /* AppDelegate.swift in Sources */ = {isa = PBXBuildFile; fileRef = 38FB03A220ACC6C000723554 /* AppDelegate.swift */; };
		38FB03A520ACC6C000723554 /* LoginViewController.swift in Sources */ = {isa = PBXBuildFile; fileRef = 38FB03A420ACC6C000723554 /* LoginViewController.swift */; };
		38FB03A820ACC6C000723554 /* Main.storyboard in Resources */ = {isa = PBXBuildFile; fileRef = 38FB03A620ACC6C000723554 /* Main.storyboard */; };
		38FB03AA20ACC6C200723554 /* Assets.xcassets in Resources */ = {isa = PBXBuildFile; fileRef = 38FB03A920ACC6C200723554 /* Assets.xcassets */; };
		38FB03AD20ACC6C200723554 /* LaunchScreen.storyboard in Resources */ = {isa = PBXBuildFile; fileRef = 38FB03AB20ACC6C200723554 /* LaunchScreen.storyboard */; };
		73A2402020B447CD00E9D519 /* Podcast.swift in Sources */ = {isa = PBXBuildFile; fileRef = 73A2401F20B447CD00E9D519 /* Podcast.swift */; };
		73A2402320B448BA00E9D519 /* CustomLabel.swift in Sources */ = {isa = PBXBuildFile; fileRef = 73A2402220B448BA00E9D519 /* CustomLabel.swift */; };
		73A2402520B44EA700E9D519 /* ApiService.swift in Sources */ = {isa = PBXBuildFile; fileRef = 73A2402420B44EA700E9D519 /* ApiService.swift */; };
		73A2402720B4708D00E9D519 /* ErrorResult.swift in Sources */ = {isa = PBXBuildFile; fileRef = 73A2402620B4708D00E9D519 /* ErrorResult.swift */; };
		73A2402920B4864400E9D519 /* SearchResult.swift in Sources */ = {isa = PBXBuildFile; fileRef = 73A2402820B4864400E9D519 /* SearchResult.swift */; };
		73A2402B20B4874000E9D519 /* SearchTableViewCell.swift in Sources */ = {isa = PBXBuildFile; fileRef = 73A2402A20B4874000E9D519 /* SearchTableViewCell.swift */; };
		7CACC3D03DC74701961F8148 /* Pods_Podfy.framework in Frameworks */ = {isa = PBXBuildFile; fileRef = 76D936E880CA515CB384FB34 /* Pods_Podfy.framework */; };
/* End PBXBuildFile section */

/* Begin PBXFileReference section */
		380294C420AE5D980091CCE2 /* MainTabBarViewController.swift */ = {isa = PBXFileReference; lastKnownFileType = sourcecode.swift; path = MainTabBarViewController.swift; sourceTree = "<group>"; };
		3842374120AF03D500978E12 /* FavoritesViewController.swift */ = {isa = PBXFileReference; lastKnownFileType = sourcecode.swift; path = FavoritesViewController.swift; sourceTree = "<group>"; };
		3842374320AF6BAE00978E12 /* ForgotPasswordViewController.swift */ = {isa = PBXFileReference; lastKnownFileType = sourcecode.swift; path = ForgotPasswordViewController.swift; sourceTree = "<group>"; };
		3849829020ADCACD00224AFC /* UITextFieldExtensions.swift */ = {isa = PBXFileReference; lastKnownFileType = sourcecode.swift; path = UITextFieldExtensions.swift; sourceTree = "<group>"; };
		3849829220ADCCA100224AFC /* GoogleService-Info.plist */ = {isa = PBXFileReference; fileEncoding = 4; lastKnownFileType = text.plist.xml; path = "GoogleService-Info.plist"; sourceTree = "<group>"; };
		3849829420AE115E00224AFC /* UIButtonExtensions.swift */ = {isa = PBXFileReference; lastKnownFileType = sourcecode.swift; path = UIButtonExtensions.swift; sourceTree = "<group>"; };
		3849829620AE12B800224AFC /* UIColorExtensions.swift */ = {isa = PBXFileReference; lastKnownFileType = sourcecode.swift; path = UIColorExtensions.swift; sourceTree = "<group>"; };
		3849829920AE198C00224AFC /* SignUpViewController.swift */ = {isa = PBXFileReference; lastKnownFileType = sourcecode.swift; path = SignUpViewController.swift; sourceTree = "<group>"; };
		3849829C20AE264E00224AFC /* FirebaseApiService.swift */ = {isa = PBXFileReference; lastKnownFileType = sourcecode.swift; path = FirebaseApiService.swift; sourceTree = "<group>"; };
		3849829E20AE2A4100224AFC /* StringExtension.swift */ = {isa = PBXFileReference; lastKnownFileType = sourcecode.swift; path = StringExtension.swift; sourceTree = "<group>"; };
		384982A020AE2DFB00224AFC /* CustomAlertController.swift */ = {isa = PBXFileReference; lastKnownFileType = sourcecode.swift; path = CustomAlertController.swift; sourceTree = "<group>"; };
		38A9533720AEEBE1005B8C71 /* CustomActivityIndicator.swift */ = {isa = PBXFileReference; lastKnownFileType = sourcecode.swift; path = CustomActivityIndicator.swift; sourceTree = "<group>"; };
		38F1729D20B21F6700F4D1CC /* Strings.swift */ = {isa = PBXFileReference; lastKnownFileType = sourcecode.swift; path = Strings.swift; sourceTree = "<group>"; };
		38F1729F20B2214700F4D1CC /* SearchViewController.swift */ = {isa = PBXFileReference; lastKnownFileType = sourcecode.swift; path = SearchViewController.swift; sourceTree = "<group>"; };
		38FB039F20ACC6C000723554 /* Podfy.app */ = {isa = PBXFileReference; explicitFileType = wrapper.application; includeInIndex = 0; path = Podfy.app; sourceTree = BUILT_PRODUCTS_DIR; };
		38FB03A220ACC6C000723554 /* AppDelegate.swift */ = {isa = PBXFileReference; lastKnownFileType = sourcecode.swift; path = AppDelegate.swift; sourceTree = "<group>"; };
		38FB03A420ACC6C000723554 /* LoginViewController.swift */ = {isa = PBXFileReference; lastKnownFileType = sourcecode.swift; path = LoginViewController.swift; sourceTree = "<group>"; };
		38FB03A720ACC6C000723554 /* Base */ = {isa = PBXFileReference; lastKnownFileType = file.storyboard; name = Base; path = Base.lproj/Main.storyboard; sourceTree = "<group>"; };
		38FB03A920ACC6C200723554 /* Assets.xcassets */ = {isa = PBXFileReference; lastKnownFileType = folder.assetcatalog; path = Assets.xcassets; sourceTree = "<group>"; };
		38FB03AC20ACC6C200723554 /* Base */ = {isa = PBXFileReference; lastKnownFileType = file.storyboard; name = Base; path = Base.lproj/LaunchScreen.storyboard; sourceTree = "<group>"; };
		38FB03AE20ACC6C200723554 /* Info.plist */ = {isa = PBXFileReference; lastKnownFileType = text.plist.xml; path = Info.plist; sourceTree = "<group>"; };
		566E8005BDDF5C918C215E1F /* Pods-Podfy.debug.xcconfig */ = {isa = PBXFileReference; includeInIndex = 1; lastKnownFileType = text.xcconfig; name = "Pods-Podfy.debug.xcconfig"; path = "Pods/Target Support Files/Pods-Podfy/Pods-Podfy.debug.xcconfig"; sourceTree = "<group>"; };
		6D9969B2083612C8E9C873AB /* Pods-Podfy.release.xcconfig */ = {isa = PBXFileReference; includeInIndex = 1; lastKnownFileType = text.xcconfig; name = "Pods-Podfy.release.xcconfig"; path = "Pods/Target Support Files/Pods-Podfy/Pods-Podfy.release.xcconfig"; sourceTree = "<group>"; };
		73A2401F20B447CD00E9D519 /* Podcast.swift */ = {isa = PBXFileReference; lastKnownFileType = sourcecode.swift; path = Podcast.swift; sourceTree = "<group>"; };
		73A2402220B448BA00E9D519 /* CustomLabel.swift */ = {isa = PBXFileReference; lastKnownFileType = sourcecode.swift; path = CustomLabel.swift; sourceTree = "<group>"; };
		73A2402420B44EA700E9D519 /* ApiService.swift */ = {isa = PBXFileReference; lastKnownFileType = sourcecode.swift; path = ApiService.swift; sourceTree = "<group>"; };
		73A2402620B4708D00E9D519 /* ErrorResult.swift */ = {isa = PBXFileReference; lastKnownFileType = sourcecode.swift; path = ErrorResult.swift; sourceTree = "<group>"; };
		73A2402820B4864400E9D519 /* SearchResult.swift */ = {isa = PBXFileReference; lastKnownFileType = sourcecode.swift; path = SearchResult.swift; sourceTree = "<group>"; };
		73A2402A20B4874000E9D519 /* SearchTableViewCell.swift */ = {isa = PBXFileReference; lastKnownFileType = sourcecode.swift; path = SearchTableViewCell.swift; sourceTree = "<group>"; };
		76D936E880CA515CB384FB34 /* Pods_Podfy.framework */ = {isa = PBXFileReference; explicitFileType = wrapper.framework; includeInIndex = 0; path = Pods_Podfy.framework; sourceTree = BUILT_PRODUCTS_DIR; };
/* End PBXFileReference section */

/* Begin PBXFrameworksBuildPhase section */
		38FB039C20ACC6C000723554 /* Frameworks */ = {
			isa = PBXFrameworksBuildPhase;
			buildActionMask = 2147483647;
			files = (
				7CACC3D03DC74701961F8148 /* Pods_Podfy.framework in Frameworks */,
			);
			runOnlyForDeploymentPostprocessing = 0;
		};
/* End PBXFrameworksBuildPhase section */

/* Begin PBXGroup section */
		20A686DB6BD8645E6DEE1927 /* Frameworks */ = {
			isa = PBXGroup;
			children = (
				76D936E880CA515CB384FB34 /* Pods_Podfy.framework */,
			);
			name = Frameworks;
			sourceTree = "<group>";
		};
		3849828F20ADCAAB00224AFC /* Extensions */ = {
			isa = PBXGroup;
			children = (
				3849829020ADCACD00224AFC /* UITextFieldExtensions.swift */,
				3849829420AE115E00224AFC /* UIButtonExtensions.swift */,
				3849829620AE12B800224AFC /* UIColorExtensions.swift */,
				3849829E20AE2A4100224AFC /* StringExtension.swift */,
			);
			path = Extensions;
			sourceTree = "<group>";
		};
		3849829820AE197000224AFC /* Controller */ = {
			isa = PBXGroup;
			children = (
				38FB03A420ACC6C000723554 /* LoginViewController.swift */,
				3849829920AE198C00224AFC /* SignUpViewController.swift */,
				380294C420AE5D980091CCE2 /* MainTabBarViewController.swift */,
				3842374120AF03D500978E12 /* FavoritesViewController.swift */,
				38F1729F20B2214700F4D1CC /* SearchViewController.swift */,
				3842374320AF6BAE00978E12 /* ForgotPasswordViewController.swift */,
			);
			path = Controller;
			sourceTree = "<group>";
		};
		3849829B20AE263500224AFC /* Service */ = {
			isa = PBXGroup;
			children = (
				3849829C20AE264E00224AFC /* FirebaseApiService.swift */,
				73A2402420B44EA700E9D519 /* ApiService.swift */,
			);
			path = Service;
			sourceTree = "<group>";
		};
		384982A220AE2E0200224AFC /* Utils */ = {
			isa = PBXGroup;
			children = (
				38A9533720AEEBE1005B8C71 /* CustomActivityIndicator.swift */,
				384982A020AE2DFB00224AFC /* CustomAlertController.swift */,
				38F1729D20B21F6700F4D1CC /* Strings.swift */,
				73A2402620B4708D00E9D519 /* ErrorResult.swift */,
			);
			path = Utils;
			sourceTree = "<group>";
		};
		38FB039620ACC6C000723554 = {
			isa = PBXGroup;
			children = (
				38FB03A120ACC6C000723554 /* Podfy */,
				38FB03A020ACC6C000723554 /* Products */,
				772D194AB1EAECC2C1BCFF8D /* Pods */,
				20A686DB6BD8645E6DEE1927 /* Frameworks */,
			);
			sourceTree = "<group>";
		};
		38FB03A020ACC6C000723554 /* Products */ = {
			isa = PBXGroup;
			children = (
				38FB039F20ACC6C000723554 /* Podfy.app */,
			);
			name = Products;
			sourceTree = "<group>";
		};
		38FB03A120ACC6C000723554 /* Podfy */ = {
			isa = PBXGroup;
			children = (
				73A2402120B448AC00E9D519 /* View */,
				73A2401E20B4479C00E9D519 /* Model */,
				384982A220AE2E0200224AFC /* Utils */,
				3849829B20AE263500224AFC /* Service */,
				3849829820AE197000224AFC /* Controller */,
				3849828F20ADCAAB00224AFC /* Extensions */,
				38FB03A220ACC6C000723554 /* AppDelegate.swift */,
				38FB03A920ACC6C200723554 /* Assets.xcassets */,
				38FB03AE20ACC6C200723554 /* Info.plist */,
				3849829220ADCCA100224AFC /* GoogleService-Info.plist */,
			);
			path = Podfy;
			sourceTree = "<group>";
		};
		73A2401E20B4479C00E9D519 /* Model */ = {
			isa = PBXGroup;
			children = (
				73A2401F20B447CD00E9D519 /* Podcast.swift */,
				73A2402820B4864400E9D519 /* SearchResult.swift */,
			);
			path = Model;
			sourceTree = "<group>";
		};
		73A2402120B448AC00E9D519 /* View */ = {
			isa = PBXGroup;
			children = (
				38FB03A620ACC6C000723554 /* Main.storyboard */,
				38FB03AB20ACC6C200723554 /* LaunchScreen.storyboard */,
				73A2402220B448BA00E9D519 /* CustomLabel.swift */,
				73A2402A20B4874000E9D519 /* SearchTableViewCell.swift */,
			);
			path = View;
			sourceTree = "<group>";
		};
		772D194AB1EAECC2C1BCFF8D /* Pods */ = {
			isa = PBXGroup;
			children = (
				566E8005BDDF5C918C215E1F /* Pods-Podfy.debug.xcconfig */,
				6D9969B2083612C8E9C873AB /* Pods-Podfy.release.xcconfig */,
			);
			name = Pods;
			sourceTree = "<group>";
		};
/* End PBXGroup section */

/* Begin PBXNativeTarget section */
		38FB039E20ACC6C000723554 /* Podfy */ = {
			isa = PBXNativeTarget;
			buildConfigurationList = 38FB03B120ACC6C200723554 /* Build configuration list for PBXNativeTarget "Podfy" */;
			buildPhases = (
				36C565F740ADD031B511FE53 /* [CP] Check Pods Manifest.lock */,
				38FB039B20ACC6C000723554 /* Sources */,
				38FB039C20ACC6C000723554 /* Frameworks */,
				38FB039D20ACC6C000723554 /* Resources */,
				4FA48F0EC36AFF934F36E368 /* [CP] Embed Pods Frameworks */,
			);
			buildRules = (
			);
			dependencies = (
			);
			name = Podfy;
			productName = Podfy;
			productReference = 38FB039F20ACC6C000723554 /* Podfy.app */;
			productType = "com.apple.product-type.application";
		};
/* End PBXNativeTarget section */

/* Begin PBXProject section */
		38FB039720ACC6C000723554 /* Project object */ = {
			isa = PBXProject;
			attributes = {
				LastSwiftUpdateCheck = 0930;
				LastUpgradeCheck = 0930;
				ORGANIZATIONNAME = "Luiz Hammerli";
				TargetAttributes = {
					38FB039E20ACC6C000723554 = {
						CreatedOnToolsVersion = 9.3;
					};
				};
			};
			buildConfigurationList = 38FB039A20ACC6C000723554 /* Build configuration list for PBXProject "Podfy" */;
			compatibilityVersion = "Xcode 9.3";
			developmentRegion = en;
			hasScannedForEncodings = 0;
			knownRegions = (
				en,
				Base,
			);
			mainGroup = 38FB039620ACC6C000723554;
			productRefGroup = 38FB03A020ACC6C000723554 /* Products */;
			projectDirPath = "";
			projectRoot = "";
			targets = (
				38FB039E20ACC6C000723554 /* Podfy */,
			);
		};
/* End PBXProject section */

/* Begin PBXResourcesBuildPhase section */
		38FB039D20ACC6C000723554 /* Resources */ = {
			isa = PBXResourcesBuildPhase;
			buildActionMask = 2147483647;
			files = (
				38FB03AD20ACC6C200723554 /* LaunchScreen.storyboard in Resources */,
				3849829320ADCCA100224AFC /* GoogleService-Info.plist in Resources */,
				38FB03AA20ACC6C200723554 /* Assets.xcassets in Resources */,
				38FB03A820ACC6C000723554 /* Main.storyboard in Resources */,
			);
			runOnlyForDeploymentPostprocessing = 0;
		};
/* End PBXResourcesBuildPhase section */

/* Begin PBXShellScriptBuildPhase section */
		36C565F740ADD031B511FE53 /* [CP] Check Pods Manifest.lock */ = {
			isa = PBXShellScriptBuildPhase;
			buildActionMask = 2147483647;
			files = (
			);
			inputPaths = (
				"${PODS_PODFILE_DIR_PATH}/Podfile.lock",
				"${PODS_ROOT}/Manifest.lock",
			);
			name = "[CP] Check Pods Manifest.lock";
			outputPaths = (
				"$(DERIVED_FILE_DIR)/Pods-Podfy-checkManifestLockResult.txt",
			);
			runOnlyForDeploymentPostprocessing = 0;
			shellPath = /bin/sh;
			shellScript = "diff \"${PODS_PODFILE_DIR_PATH}/Podfile.lock\" \"${PODS_ROOT}/Manifest.lock\" > /dev/null\nif [ $? != 0 ] ; then\n    # print error to STDERR\n    echo \"error: The sandbox is not in sync with the Podfile.lock. Run 'pod install' or update your CocoaPods installation.\" >&2\n    exit 1\nfi\n# This output is used by Xcode 'outputs' to avoid re-running this script phase.\necho \"SUCCESS\" > \"${SCRIPT_OUTPUT_FILE_0}\"\n";
			showEnvVarsInLog = 0;
		};
		4FA48F0EC36AFF934F36E368 /* [CP] Embed Pods Frameworks */ = {
			isa = PBXShellScriptBuildPhase;
			buildActionMask = 2147483647;
			files = (
			);
			inputPaths = (
				"${SRCROOT}/Pods/Target Support Files/Pods-Podfy/Pods-Podfy-frameworks.sh",
				"${BUILT_PRODUCTS_DIR}/Alamofire/Alamofire.framework",
				"${BUILT_PRODUCTS_DIR}/Bolts/Bolts.framework",
				"${BUILT_PRODUCTS_DIR}/FBSDKCoreKit/FBSDKCoreKit.framework",
				"${BUILT_PRODUCTS_DIR}/FBSDKLoginKit/FBSDKLoginKit.framework",
				"${BUILT_PRODUCTS_DIR}/GTMSessionFetcher/GTMSessionFetcher.framework",
				"${BUILT_PRODUCTS_DIR}/GoogleToolboxForMac/GoogleToolboxForMac.framework",
				"${BUILT_PRODUCTS_DIR}/SDWebImage/SDWebImage.framework",
				"${BUILT_PRODUCTS_DIR}/leveldb-library/leveldb.framework",
				"${BUILT_PRODUCTS_DIR}/nanopb/nanopb.framework",
			);
			name = "[CP] Embed Pods Frameworks";
			outputPaths = (
				"${TARGET_BUILD_DIR}/${FRAMEWORKS_FOLDER_PATH}/Alamofire.framework",
				"${TARGET_BUILD_DIR}/${FRAMEWORKS_FOLDER_PATH}/Bolts.framework",
				"${TARGET_BUILD_DIR}/${FRAMEWORKS_FOLDER_PATH}/FBSDKCoreKit.framework",
				"${TARGET_BUILD_DIR}/${FRAMEWORKS_FOLDER_PATH}/FBSDKLoginKit.framework",
				"${TARGET_BUILD_DIR}/${FRAMEWORKS_FOLDER_PATH}/GTMSessionFetcher.framework",
				"${TARGET_BUILD_DIR}/${FRAMEWORKS_FOLDER_PATH}/GoogleToolboxForMac.framework",
				"${TARGET_BUILD_DIR}/${FRAMEWORKS_FOLDER_PATH}/SDWebImage.framework",
				"${TARGET_BUILD_DIR}/${FRAMEWORKS_FOLDER_PATH}/leveldb.framework",
				"${TARGET_BUILD_DIR}/${FRAMEWORKS_FOLDER_PATH}/nanopb.framework",
			);
			runOnlyForDeploymentPostprocessing = 0;
			shellPath = /bin/sh;
			shellScript = "\"${SRCROOT}/Pods/Target Support Files/Pods-Podfy/Pods-Podfy-frameworks.sh\"\n";
			showEnvVarsInLog = 0;
		};
/* End PBXShellScriptBuildPhase section */

/* Begin PBXSourcesBuildPhase section */
		38FB039B20ACC6C000723554 /* Sources */ = {
			isa = PBXSourcesBuildPhase;
			buildActionMask = 2147483647;
			files = (
				3849829D20AE264E00224AFC /* FirebaseApiService.swift in Sources */,
				3849829A20AE198C00224AFC /* SignUpViewController.swift in Sources */,
				73A2402920B4864400E9D519 /* SearchResult.swift in Sources */,
				3849829120ADCACD00224AFC /* UITextFieldExtensions.swift in Sources */,
				73A2402720B4708D00E9D519 /* ErrorResult.swift in Sources */,
				384982A120AE2DFB00224AFC /* CustomAlertController.swift in Sources */,
				73A2402B20B4874000E9D519 /* SearchTableViewCell.swift in Sources */,
				3849829520AE115E00224AFC /* UIButtonExtensions.swift in Sources */,
				73A2402320B448BA00E9D519 /* CustomLabel.swift in Sources */,
				380294C520AE5D980091CCE2 /* MainTabBarViewController.swift in Sources */,
				73A2402020B447CD00E9D519 /* Podcast.swift in Sources */,
				38F1729E20B21F6700F4D1CC /* Strings.swift in Sources */,
				38F172A020B2214700F4D1CC /* SearchViewController.swift in Sources */,
				3849829F20AE2A4100224AFC /* StringExtension.swift in Sources */,
				3849829720AE12B800224AFC /* UIColorExtensions.swift in Sources */,
				38A9533820AEEBE1005B8C71 /* CustomActivityIndicator.swift in Sources */,
				38FB03A520ACC6C000723554 /* LoginViewController.swift in Sources */,
				3842374420AF6BAE00978E12 /* ForgotPasswordViewController.swift in Sources */,
				3842374220AF03D500978E12 /* FavoritesViewController.swift in Sources */,
				73A2402520B44EA700E9D519 /* ApiService.swift in Sources */,
				38FB03A320ACC6C000723554 /* AppDelegate.swift in Sources */,
			);
			runOnlyForDeploymentPostprocessing = 0;
		};
/* End PBXSourcesBuildPhase section */

/* Begin PBXVariantGroup section */
		38FB03A620ACC6C000723554 /* Main.storyboard */ = {
			isa = PBXVariantGroup;
			children = (
				38FB03A720ACC6C000723554 /* Base */,
			);
			name = Main.storyboard;
			sourceTree = "<group>";
		};
		38FB03AB20ACC6C200723554 /* LaunchScreen.storyboard */ = {
			isa = PBXVariantGroup;
			children = (
				38FB03AC20ACC6C200723554 /* Base */,
			);
			name = LaunchScreen.storyboard;
			sourceTree = "<group>";
		};
/* End PBXVariantGroup section */

/* Begin XCBuildConfiguration section */
		38FB03AF20ACC6C200723554 /* Debug */ = {
			isa = XCBuildConfiguration;
			buildSettings = {
				ALWAYS_SEARCH_USER_PATHS = NO;
				CLANG_ANALYZER_NONNULL = YES;
				CLANG_ANALYZER_NUMBER_OBJECT_CONVERSION = YES_AGGRESSIVE;
				CLANG_CXX_LANGUAGE_STANDARD = "gnu++14";
				CLANG_CXX_LIBRARY = "libc++";
				CLANG_ENABLE_MODULES = YES;
				CLANG_ENABLE_OBJC_ARC = YES;
				CLANG_ENABLE_OBJC_WEAK = YES;
				CLANG_WARN_BLOCK_CAPTURE_AUTORELEASING = YES;
				CLANG_WARN_BOOL_CONVERSION = YES;
				CLANG_WARN_COMMA = YES;
				CLANG_WARN_CONSTANT_CONVERSION = YES;
				CLANG_WARN_DEPRECATED_OBJC_IMPLEMENTATIONS = YES;
				CLANG_WARN_DIRECT_OBJC_ISA_USAGE = YES_ERROR;
				CLANG_WARN_DOCUMENTATION_COMMENTS = YES;
				CLANG_WARN_EMPTY_BODY = YES;
				CLANG_WARN_ENUM_CONVERSION = YES;
				CLANG_WARN_INFINITE_RECURSION = YES;
				CLANG_WARN_INT_CONVERSION = YES;
				CLANG_WARN_NON_LITERAL_NULL_CONVERSION = YES;
				CLANG_WARN_OBJC_IMPLICIT_RETAIN_SELF = YES;
				CLANG_WARN_OBJC_LITERAL_CONVERSION = YES;
				CLANG_WARN_OBJC_ROOT_CLASS = YES_ERROR;
				CLANG_WARN_RANGE_LOOP_ANALYSIS = YES;
				CLANG_WARN_STRICT_PROTOTYPES = YES;
				CLANG_WARN_SUSPICIOUS_MOVE = YES;
				CLANG_WARN_UNGUARDED_AVAILABILITY = YES_AGGRESSIVE;
				CLANG_WARN_UNREACHABLE_CODE = YES;
				CLANG_WARN__DUPLICATE_METHOD_MATCH = YES;
				CODE_SIGN_IDENTITY = "iPhone Developer";
				COPY_PHASE_STRIP = NO;
				DEBUG_INFORMATION_FORMAT = dwarf;
				ENABLE_STRICT_OBJC_MSGSEND = YES;
				ENABLE_TESTABILITY = YES;
				GCC_C_LANGUAGE_STANDARD = gnu11;
				GCC_DYNAMIC_NO_PIC = NO;
				GCC_NO_COMMON_BLOCKS = YES;
				GCC_OPTIMIZATION_LEVEL = 0;
				GCC_PREPROCESSOR_DEFINITIONS = (
					"DEBUG=1",
					"$(inherited)",
				);
				GCC_WARN_64_TO_32_BIT_CONVERSION = YES;
				GCC_WARN_ABOUT_RETURN_TYPE = YES_ERROR;
				GCC_WARN_UNDECLARED_SELECTOR = YES;
				GCC_WARN_UNINITIALIZED_AUTOS = YES_AGGRESSIVE;
				GCC_WARN_UNUSED_FUNCTION = YES;
				GCC_WARN_UNUSED_VARIABLE = YES;
				IPHONEOS_DEPLOYMENT_TARGET = 11.3;
				MTL_ENABLE_DEBUG_INFO = YES;
				ONLY_ACTIVE_ARCH = YES;
				SDKROOT = iphoneos;
				SWIFT_ACTIVE_COMPILATION_CONDITIONS = DEBUG;
				SWIFT_OPTIMIZATION_LEVEL = "-Onone";
			};
			name = Debug;
		};
		38FB03B020ACC6C200723554 /* Release */ = {
			isa = XCBuildConfiguration;
			buildSettings = {
				ALWAYS_SEARCH_USER_PATHS = NO;
				CLANG_ANALYZER_NONNULL = YES;
				CLANG_ANALYZER_NUMBER_OBJECT_CONVERSION = YES_AGGRESSIVE;
				CLANG_CXX_LANGUAGE_STANDARD = "gnu++14";
				CLANG_CXX_LIBRARY = "libc++";
				CLANG_ENABLE_MODULES = YES;
				CLANG_ENABLE_OBJC_ARC = YES;
				CLANG_ENABLE_OBJC_WEAK = YES;
				CLANG_WARN_BLOCK_CAPTURE_AUTORELEASING = YES;
				CLANG_WARN_BOOL_CONVERSION = YES;
				CLANG_WARN_COMMA = YES;
				CLANG_WARN_CONSTANT_CONVERSION = YES;
				CLANG_WARN_DEPRECATED_OBJC_IMPLEMENTATIONS = YES;
				CLANG_WARN_DIRECT_OBJC_ISA_USAGE = YES_ERROR;
				CLANG_WARN_DOCUMENTATION_COMMENTS = YES;
				CLANG_WARN_EMPTY_BODY = YES;
				CLANG_WARN_ENUM_CONVERSION = YES;
				CLANG_WARN_INFINITE_RECURSION = YES;
				CLANG_WARN_INT_CONVERSION = YES;
				CLANG_WARN_NON_LITERAL_NULL_CONVERSION = YES;
				CLANG_WARN_OBJC_IMPLICIT_RETAIN_SELF = YES;
				CLANG_WARN_OBJC_LITERAL_CONVERSION = YES;
				CLANG_WARN_OBJC_ROOT_CLASS = YES_ERROR;
				CLANG_WARN_RANGE_LOOP_ANALYSIS = YES;
				CLANG_WARN_STRICT_PROTOTYPES = YES;
				CLANG_WARN_SUSPICIOUS_MOVE = YES;
				CLANG_WARN_UNGUARDED_AVAILABILITY = YES_AGGRESSIVE;
				CLANG_WARN_UNREACHABLE_CODE = YES;
				CLANG_WARN__DUPLICATE_METHOD_MATCH = YES;
				CODE_SIGN_IDENTITY = "iPhone Developer";
				COPY_PHASE_STRIP = NO;
				DEBUG_INFORMATION_FORMAT = "dwarf-with-dsym";
				ENABLE_NS_ASSERTIONS = NO;
				ENABLE_STRICT_OBJC_MSGSEND = YES;
				GCC_C_LANGUAGE_STANDARD = gnu11;
				GCC_NO_COMMON_BLOCKS = YES;
				GCC_WARN_64_TO_32_BIT_CONVERSION = YES;
				GCC_WARN_ABOUT_RETURN_TYPE = YES_ERROR;
				GCC_WARN_UNDECLARED_SELECTOR = YES;
				GCC_WARN_UNINITIALIZED_AUTOS = YES_AGGRESSIVE;
				GCC_WARN_UNUSED_FUNCTION = YES;
				GCC_WARN_UNUSED_VARIABLE = YES;
				IPHONEOS_DEPLOYMENT_TARGET = 11.3;
				MTL_ENABLE_DEBUG_INFO = NO;
				SDKROOT = iphoneos;
				SWIFT_COMPILATION_MODE = wholemodule;
				SWIFT_OPTIMIZATION_LEVEL = "-O";
				VALIDATE_PRODUCT = YES;
			};
			name = Release;
		};
		38FB03B220ACC6C200723554 /* Debug */ = {
			isa = XCBuildConfiguration;
			baseConfigurationReference = 566E8005BDDF5C918C215E1F /* Pods-Podfy.debug.xcconfig */;
			buildSettings = {
				ASSETCATALOG_COMPILER_APPICON_NAME = AppIcon;
				CODE_SIGN_STYLE = Automatic;
				INFOPLIST_FILE = Podfy/Info.plist;
				LD_RUNPATH_SEARCH_PATHS = (
					"$(inherited)",
					"@executable_path/Frameworks",
				);
				PRODUCT_BUNDLE_IDENTIFIER = App.Podfy;
				PRODUCT_NAME = "$(TARGET_NAME)";
				SWIFT_VERSION = 4.0;
				TARGETED_DEVICE_FAMILY = "1,2";
			};
			name = Debug;
		};
		38FB03B320ACC6C200723554 /* Release */ = {
			isa = XCBuildConfiguration;
			baseConfigurationReference = 6D9969B2083612C8E9C873AB /* Pods-Podfy.release.xcconfig */;
			buildSettings = {
				ASSETCATALOG_COMPILER_APPICON_NAME = AppIcon;
				CODE_SIGN_STYLE = Automatic;
				INFOPLIST_FILE = Podfy/Info.plist;
				LD_RUNPATH_SEARCH_PATHS = (
					"$(inherited)",
					"@executable_path/Frameworks",
				);
				PRODUCT_BUNDLE_IDENTIFIER = App.Podfy;
				PRODUCT_NAME = "$(TARGET_NAME)";
				SWIFT_VERSION = 4.0;
				TARGETED_DEVICE_FAMILY = "1,2";
			};
			name = Release;
		};
/* End XCBuildConfiguration section */

/* Begin XCConfigurationList section */
		38FB039A20ACC6C000723554 /* Build configuration list for PBXProject "Podfy" */ = {
			isa = XCConfigurationList;
			buildConfigurations = (
				38FB03AF20ACC6C200723554 /* Debug */,
				38FB03B020ACC6C200723554 /* Release */,
			);
			defaultConfigurationIsVisible = 0;
			defaultConfigurationName = Release;
		};
		38FB03B120ACC6C200723554 /* Build configuration list for PBXNativeTarget "Podfy" */ = {
			isa = XCConfigurationList;
			buildConfigurations = (
				38FB03B220ACC6C200723554 /* Debug */,
				38FB03B320ACC6C200723554 /* Release */,
			);
			defaultConfigurationIsVisible = 0;
			defaultConfigurationName = Release;
		};
/* End XCConfigurationList section */
	};
	rootObject = 38FB039720ACC6C000723554 /* Project object */;
}
